
Microsoft Visual Studio Solution File, Format Version 12.00
# Visual Studio Version 17
VisualStudioVersion = 17.11.35312.102
MinimumVisualStudioVersion = 10.0.40219.1
Project("{9A19103F-16F7-4668-BE54-9A1E7A4F7556}") = "3SemObligatoriskOpgave 1 og 2", "3SemObligatoriskOpgave 1 og 2.csproj", "{4FBD57D0-66ED-471C-9D85-5B17FF57F9B2}"
EndProject
Project("{FAE04EC0-301F-11D3-BF4B-00C04F79EFBC}") = "3SemObligatoriskOpgave 1 og 2Tests1", "..\3SemObligatoriskOpgave 1 og 2Tests1\3SemObligatoriskOpgave 1 og 2Tests1.csproj", "{0A9A7E73-3ACC-4752-8F54-F497CC3C1CCE}"
EndProject
Global
	GlobalSection(SolutionConfigurationPlatforms) = preSolution
		Debug|Any CPU = Debug|Any CPU
		Release|Any CPU = Release|Any CPU
	EndGlobalSection
	GlobalSection(ProjectConfigurationPlatforms) = postSolution
		{4FBD57D0-66ED-471C-9D85-5B17FF57F9B2}.Debug|Any CPU.ActiveCfg = Debug|Any CPU
		{4FBD57D0-66ED-471C-9D85-5B17FF57F9B2}.Debug|Any CPU.Build.0 = Debug|Any CPU
		{4FBD57D0-66ED-471C-9D85-5B17FF57F9B2}.Release|Any CPU.ActiveCfg = Release|Any CPU
		{4FBD57D0-66ED-471C-9D85-5B17FF57F9B2}.Release|Any CPU.Build.0 = Release|Any CPU
		{0A9A7E73-3ACC-4752-8F54-F497CC3C1CCE}.Debug|Any CPU.ActiveCfg = Debug|Any CPU
		{0A9A7E73-3ACC-4752-8F54-F497CC3C1CCE}.Debug|Any CPU.Build.0 = Debug|Any CPU
		{0A9A7E73-3ACC-4752-8F54-F497CC3C1CCE}.Release|Any CPU.ActiveCfg = Release|Any CPU
		{0A9A7E73-3ACC-4752-8F54-F497CC3C1CCE}.Release|Any CPU.Build.0 = Release|Any CPU
	EndGlobalSection
	GlobalSection(SolutionProperties) = preSolution
		HideSolutionNode = FALSE
	EndGlobalSection
	GlobalSection(ExtensibilityGlobals) = postSolution
		SolutionGuid = {204B8380-AF7E-478B-B3F8-2F34769B4085}
	EndGlobalSection
EndGlobal
